{
  "lockfileVersion": 1,
  "dependencies": {
    "stripe": {
      "version": "3.2.0",
      "resolved": "https://registry.npmjs.org/stripe/-/stripe-3.2.0.tgz",
      "integrity": "sha1-VCKyBpNhJFOLjUKxJWRtuYyfyUI=",
      "dependencies": {
        "bluebird": {
          "version": "2.9.9",
          "resolved": "https://registry.npmjs.org/bluebird/-/bluebird-2.9.9.tgz",
          "integrity": "sha1-YaJpBNQ9f2sZ3/ftkX28kkUq1tM="
        },
        "lodash": {
          "version": "3.2.0",
          "resolved": "https://registry.npmjs.org/lodash/-/lodash-3.2.0.tgz",
          "integrity": "sha1-S/UKMkP5rrC6xBpV09WZBnWkYvs="
        },
        "qs": {
          "version": "2.3.3",
          "resolved": "https://registry.npmjs.org/qs/-/qs-2.3.3.tgz",
          "integrity": "sha1-6eha2+ddoLvkyOBHaghikPhjtAQ="
        }
      }
    }
  }
}
